
Microsoft Visual Studio Solution File, Format Version 11.00
# Visual Studio 2010
Project("{FAE04EC0-301F-11D3-BF4B-00C04F79EFBC}") = "IDevice.BackupBrowser", "IDevice.BackupBrowser\IDevice.BackupBrowser.csproj", "{806CFEC2-A2A6-4995-8534-755069E1889A}"
EndProject
Project("{FAE04EC0-301F-11D3-BF4B-00C04F79EFBC}") = "IDevice.Browsers", "IDevice.Browsers\IDevice.Browsers.csproj", "{13BD71C3-5966-478F-B543-80C487670B0B}"
EndProject
Global
	GlobalSection(SolutionConfigurationPlatforms) = preSolution
		Debug DLL|Any CPU = Debug DLL|Any CPU
		Debug DLL|Mixed Platforms = Debug DLL|Mixed Platforms
		Debug DLL|Win32 = Debug DLL|Win32
		Debug DLL|x86 = Debug DLL|x86
		Debug|Any CPU = Debug|Any CPU
		Debug|Mixed Platforms = Debug|Mixed Platforms
		Debug|Win32 = Debug|Win32
		Debug|x86 = Debug|x86
		Release DLL xp|Any CPU = Release DLL xp|Any CPU
		Release DLL xp|Mixed Platforms = Release DLL xp|Mixed Platforms
		Release DLL xp|Win32 = Release DLL xp|Win32
		Release DLL xp|x86 = Release DLL xp|x86
		Release DLL|Any CPU = Release DLL|Any CPU
		Release DLL|Mixed Platforms = Release DLL|Mixed Platforms
		Release DLL|Win32 = Release DLL|Win32
		Release DLL|x86 = Release DLL|x86
		Release|Any CPU = Release|Any CPU
		Release|Mixed Platforms = Release|Mixed Platforms
		Release|Win32 = Release|Win32
		Release|x86 = Release|x86
	EndGlobalSection
	GlobalSection(ProjectConfigurationPlatforms) = postSolution
		{806CFEC2-A2A6-4995-8534-755069E1889A}.Debug DLL|Any CPU.ActiveCfg = Debug|x86
		{806CFEC2-A2A6-4995-8534-755069E1889A}.Debug DLL|Mixed Platforms.ActiveCfg = Debug|x86
		{806CFEC2-A2A6-4995-8534-755069E1889A}.Debug DLL|Mixed Platforms.Build.0 = Debug|x86
		{806CFEC2-A2A6-4995-8534-755069E1889A}.Debug DLL|Win32.ActiveCfg = Debug|x86
		{806CFEC2-A2A6-4995-8534-755069E1889A}.Debug DLL|x86.ActiveCfg = Debug|x86
		{806CFEC2-A2A6-4995-8534-755069E1889A}.Debug DLL|x86.Build.0 = Debug|x86
		{806CFEC2-A2A6-4995-8534-755069E1889A}.Debug|Any CPU.ActiveCfg = Debug|x86
		{806CFEC2-A2A6-4995-8534-755069E1889A}.Debug|Mixed Platforms.ActiveCfg = Debug|x86
		{806CFEC2-A2A6-4995-8534-755069E1889A}.Debug|Mixed Platforms.Build.0 = Debug|x86
		{806CFEC2-A2A6-4995-8534-755069E1889A}.Debug|Win32.ActiveCfg = Debug|x86
		{806CFEC2-A2A6-4995-8534-755069E1889A}.Debug|x86.ActiveCfg = Debug|x86
		{806CFEC2-A2A6-4995-8534-755069E1889A}.Debug|x86.Build.0 = Debug|x86
		{806CFEC2-A2A6-4995-8534-755069E1889A}.Release DLL xp|Any CPU.ActiveCfg = Release|x86
		{806CFEC2-A2A6-4995-8534-755069E1889A}.Release DLL xp|Mixed Platforms.ActiveCfg = Release|x86
		{806CFEC2-A2A6-4995-8534-755069E1889A}.Release DLL xp|Mixed Platforms.Build.0 = Release|x86
		{806CFEC2-A2A6-4995-8534-755069E1889A}.Release DLL xp|Win32.ActiveCfg = Release|x86
		{806CFEC2-A2A6-4995-8534-755069E1889A}.Release DLL xp|x86.ActiveCfg = Release|x86
		{806CFEC2-A2A6-4995-8534-755069E1889A}.Release DLL xp|x86.Build.0 = Release|x86
		{806CFEC2-A2A6-4995-8534-755069E1889A}.Release DLL|Any CPU.ActiveCfg = Release|x86
		{806CFEC2-A2A6-4995-8534-755069E1889A}.Release DLL|Mixed Platforms.ActiveCfg = Release|x86
		{806CFEC2-A2A6-4995-8534-755069E1889A}.Release DLL|Mixed Platforms.Build.0 = Release|x86
		{806CFEC2-A2A6-4995-8534-755069E1889A}.Release DLL|Win32.ActiveCfg = Release|x86
		{806CFEC2-A2A6-4995-8534-755069E1889A}.Release DLL|x86.ActiveCfg = Release|x86
		{806CFEC2-A2A6-4995-8534-755069E1889A}.Release DLL|x86.Build.0 = Release|x86
		{806CFEC2-A2A6-4995-8534-755069E1889A}.Release|Any CPU.ActiveCfg = Release|x86
		{806CFEC2-A2A6-4995-8534-755069E1889A}.Release|Mixed Platforms.ActiveCfg = Release|x86
		{806CFEC2-A2A6-4995-8534-755069E1889A}.Release|Mixed Platforms.Build.0 = Release|x86
		{806CFEC2-A2A6-4995-8534-755069E1889A}.Release|Win32.ActiveCfg = Release|x86
		{806CFEC2-A2A6-4995-8534-755069E1889A}.Release|x86.ActiveCfg = Release|x86
		{806CFEC2-A2A6-4995-8534-755069E1889A}.Release|x86.Build.0 = Release|x86
		{13BD71C3-5966-478F-B543-80C487670B0B}.Debug DLL|Any CPU.ActiveCfg = Debug|Any CPU
		{13BD71C3-5966-478F-B543-80C487670B0B}.Debug DLL|Any CPU.Build.0 = Debug|Any CPU
		{13BD71C3-5966-478F-B543-80C487670B0B}.Debug DLL|Mixed Platforms.ActiveCfg = Debug|Any CPU
		{13BD71C3-5966-478F-B543-80C487670B0B}.Debug DLL|Mixed Platforms.Build.0 = Debug|Any CPU
		{13BD71C3-5966-478F-B543-80C487670B0B}.Debug DLL|Win32.ActiveCfg = Debug|Any CPU
		{13BD71C3-5966-478F-B543-80C487670B0B}.Debug DLL|x86.ActiveCfg = Debug|Any CPU
		{13BD71C3-5966-478F-B543-80C487670B0B}.Debug|Any CPU.ActiveCfg = Debug|Any CPU
		{13BD71C3-5966-478F-B543-80C487670B0B}.Debug|Any CPU.Build.0 = Debug|Any CPU
		{13BD71C3-5966-478F-B543-80C487670B0B}.Debug|Mixed Platforms.ActiveCfg = Debug|Any CPU
		{13BD71C3-5966-478F-B543-80C487670B0B}.Debug|Mixed Platforms.Build.0 = Debug|Any CPU
		{13BD71C3-5966-478F-B543-80C487670B0B}.Debug|Win32.ActiveCfg = Debug|Any CPU
		{13BD71C3-5966-478F-B543-80C487670B0B}.Debug|x86.ActiveCfg = Debug|Any CPU
		{13BD71C3-5966-478F-B543-80C487670B0B}.Release DLL xp|Any CPU.ActiveCfg = Release|Any CPU
		{13BD71C3-5966-478F-B543-80C487670B0B}.Release DLL xp|Any CPU.Build.0 = Release|Any CPU
		{13BD71C3-5966-478F-B543-80C487670B0B}.Release DLL xp|Mixed Platforms.ActiveCfg = Release|Any CPU
		{13BD71C3-5966-478F-B543-80C487670B0B}.Release DLL xp|Mixed Platforms.Build.0 = Release|Any CPU
		{13BD71C3-5966-478F-B543-80C487670B0B}.Release DLL xp|Win32.ActiveCfg = Release|Any CPU
		{13BD71C3-5966-478F-B543-80C487670B0B}.Release DLL xp|x86.ActiveCfg = Release|Any CPU
		{13BD71C3-5966-478F-B543-80C487670B0B}.Release DLL|Any CPU.ActiveCfg = Release|Any CPU
		{13BD71C3-5966-478F-B543-80C487670B0B}.Release DLL|Any CPU.Build.0 = Release|Any CPU
		{13BD71C3-5966-478F-B543-80C487670B0B}.Release DLL|Mixed Platforms.ActiveCfg = Release|Any CPU
		{13BD71C3-5966-478F-B543-80C487670B0B}.Release DLL|Mixed Platforms.Build.0 = Release|Any CPU
		{13BD71C3-5966-478F-B543-80C487670B0B}.Release DLL|Win32.ActiveCfg = Release|Any CPU
		{13BD71C3-5966-478F-B543-80C487670B0B}.Release DLL|x86.ActiveCfg = Release|Any CPU
		{13BD71C3-5966-478F-B543-80C487670B0B}.Release|Any CPU.ActiveCfg = Release|Any CPU
		{13BD71C3-5966-478F-B543-80C487670B0B}.Release|Any CPU.Build.0 = Release|Any CPU
		{13BD71C3-5966-478F-B543-80C487670B0B}.Release|Mixed Platforms.ActiveCfg = Release|Any CPU
		{13BD71C3-5966-478F-B543-80C487670B0B}.Release|Mixed Platforms.Build.0 = Release|Any CPU
		{13BD71C3-5966-478F-B543-80C487670B0B}.Release|Win32.ActiveCfg = Release|Any CPU
		{13BD71C3-5966-478F-B543-80C487670B0B}.Release|x86.ActiveCfg = Release|Any CPU
	EndGlobalSection
	GlobalSection(SolutionProperties) = preSolution
		HideSolutionNode = FALSE
	EndGlobalSection
EndGlobal
